
Microsoft Visual Studio Solution File, Format Version 12.00
# Visual Studio Version 17
VisualStudioVersion = 17.14.36119.2
MinimumVisualStudioVersion = 10.0.40219.1
Project("{2150E333-8FDC-42A3-9474-1A3956D46DE8}") = "Services", "Services", "{02EA681E-C7D8-13C7-8484-4AC65E1B71E8}"
EndProject
Project("{2150E333-8FDC-42A3-9474-1A3956D46DE8}") = "Catalog", "Catalog", "{57DEEB01-110A-46E0-BAF1-2C3DD870BACD}"
EndProject
Project("{FAE04EC0-301F-11D3-BF4B-00C04F79EFBC}") = "MultiShop.Catalog", "Services\Catalog\MultiShop.Catalog\MultiShop.Catalog.csproj", "{E5C4665E-39AA-4AA5-B04F-96B34C9D6DD5}"
EndProject
Project("{2150E333-8FDC-42A3-9474-1A3956D46DE8}") = "Discount", "Discount", "{2FCD8ABB-3344-40A7-B9AB-2AF27493C002}"
EndProject
Project("{FAE04EC0-301F-11D3-BF4B-00C04F79EFBC}") = "Multishop.Discount", "Services\Discount\Multishop.Discount\Multishop.Discount.csproj", "{54EB6032-C739-48E9-99D2-4D14ACCE25BF}"
EndProject
Project("{2150E333-8FDC-42A3-9474-1A3956D46DE8}") = "Order", "Order", "{10ED526C-B330-410F-B1EF-0DEC4C938996}"
EndProject
Project("{2150E333-8FDC-42A3-9474-1A3956D46DE8}") = "Core", "Core", "{CF68EF52-05CF-4B11-A2EA-6328E95977F1}"
EndProject
Project("{2150E333-8FDC-42A3-9474-1A3956D46DE8}") = "Infrastucture", "Infrastucture", "{56BDD6BC-12DF-49E1-B523-54795F8163FE}"
EndProject
Project("{2150E333-8FDC-42A3-9474-1A3956D46DE8}") = "Presentation", "Presentation", "{E2FD93D7-CCAD-4020-9443-8D68E319A70F}"
EndProject
Project("{FAE04EC0-301F-11D3-BF4B-00C04F79EFBC}") = "MultiShop.Order.Domain", "Services\Order\Core\MultiShop.Order.Domain\MultiShop.Order.Domain.csproj", "{A4C14173-1A2D-422E-B491-78186D2E6BC2}"
EndProject
Project("{FAE04EC0-301F-11D3-BF4B-00C04F79EFBC}") = "MultiShop.Order.Application", "Services\Order\Core\MultiShop.Order.Application\MultiShop.Order.Application.csproj", "{E1EBD01E-54DF-471E-8CB5-A5B845B25847}"
EndProject
Project("{FAE04EC0-301F-11D3-BF4B-00C04F79EFBC}") = "MultiShop.Order.Persistance", "Services\Order\Infrastucture\MultiShop.Order.Persistance\MultiShop.Order.Persistance.csproj", "{B78F75C7-3D7C-4D86-B0B8-9B4037FB530E}"
EndProject
Project("{FAE04EC0-301F-11D3-BF4B-00C04F79EFBC}") = "MultiShop.Order.WebAPI", "Services\Order\Presentation\MultiShop.Order.WebAPI\MultiShop.Order.WebAPI.csproj", "{F637AD3B-D0E1-496F-AC1E-AECD17E9B446}"
EndProject
Project("{2150E333-8FDC-42A3-9474-1A3956D46DE8}") = "IdentityServer", "IdentityServer", "{600B4D24-A090-4B86-903F-ED32E0035D6E}"
EndProject
Project("{FAE04EC0-301F-11D3-BF4B-00C04F79EFBC}") = "MultiShop.IdentityServer", "IdentityServer\MultiShop.IdentityServer\MultiShop.IdentityServer.csproj", "{EA14094F-FB55-5ABC-1402-B4229C4AD0B1}"
EndProject
Project("{2150E333-8FDC-42A3-9474-1A3956D46DE8}") = "Requirements", "Requirements", "{679BBCF4-D47F-42D2-8AFD-890D8535FC5D}"
	ProjectSection(SolutionItems) = preProject
		IdentityServerVersionErrorSolution.txt = IdentityServerVersionErrorSolution.txt
		LoginControllerIndex.txt = LoginControllerIndex.txt
		Ocelot.txt = Ocelot.txt
		OcelotCodeExample.txt = OcelotCodeExample.txt
		Orderhtml.txt = Orderhtml.txt
		Portreinercmd.txt = Portreinercmd.txt
		testcontroller.txt = testcontroller.txt
	EndProjectSection
EndProject
Project("{2150E333-8FDC-42A3-9474-1A3956D46DE8}") = "Cargo", "Cargo", "{9E8E4933-E360-4C71-B383-41877FC82B32}"
EndProject
Project("{FAE04EC0-301F-11D3-BF4B-00C04F79EFBC}") = "MultiShop.Cargo.EntityLayer", "Services\Cargo\MultiShop.Cargo.EntityLayer\MultiShop.Cargo.EntityLayer.csproj", "{3647B036-4EE2-4075-BB70-6D02D720046E}"
EndProject
Project("{FAE04EC0-301F-11D3-BF4B-00C04F79EFBC}") = "MultiShop.Cargo.BussinesLayer", "Services\Cargo\MultiShop.Cargo.BussinesLayer\MultiShop.Cargo.BussinesLayer.csproj", "{DAC8AA2D-0113-4E4C-9C3D-B965E4FEC22C}"
EndProject
Project("{FAE04EC0-301F-11D3-BF4B-00C04F79EFBC}") = "MultiShop.Cargo.DataAccessLayer", "Services\Cargo\MultiShop.Cargo.DataAccessLayer\MultiShop.Cargo.DataAccessLayer.csproj", "{1E9489D8-BDE9-4801-8589-9CD5B2CA17D6}"
EndProject
Project("{FAE04EC0-301F-11D3-BF4B-00C04F79EFBC}") = "MultiShop.Cargo.DtoLayer", "Services\Cargo\MultiShop.Cargo.DtoLayer\MultiShop.Cargo.DtoLayer.csproj", "{C23B367A-3644-40FD-A7DF-940003BD832C}"
EndProject
Project("{FAE04EC0-301F-11D3-BF4B-00C04F79EFBC}") = "MultiShop.Cargo.WebApi", "Services\Cargo\MultiShop.Cargo.WebApi\MultiShop.Cargo.WebApi.csproj", "{FEE10937-AD1C-4144-A990-DACB8F68E76B}"
EndProject
Project("{2150E333-8FDC-42A3-9474-1A3956D46DE8}") = "Basket", "Basket", "{49E8FE55-74DB-4994-8739-03DA1FAAFF0B}"
EndProject
Project("{FAE04EC0-301F-11D3-BF4B-00C04F79EFBC}") = "MultiShop.Basket", "Services\Basket\MultiShop.Basket\MultiShop.Basket.csproj", "{33E4BC40-FA95-44BC-9282-D36FFCFD614E}"
EndProject
Project("{2150E333-8FDC-42A3-9474-1A3956D46DE8}") = "Frontend", "Frontend", "{1BC7D74B-DD3C-4D02-96CA-14B05A39AAE4}"
EndProject
Project("{FAE04EC0-301F-11D3-BF4B-00C04F79EFBC}") = "MultiShop.WebUI", "Frontend\MultiShop.WebUI\MultiShop.WebUI.csproj", "{1458F3BC-CEF9-451D-9E63-0D5EB028C9F9}"
EndProject
Project("{FAE04EC0-301F-11D3-BF4B-00C04F79EFBC}") = "MultiShop.DtoLayer", "Frontend\MultiShop.DtoLayer\MultiShop.DtoLayer.csproj", "{71D9FBCF-C305-4A30-9C86-F2B21626898E}"
EndProject
Project("{2150E333-8FDC-42A3-9474-1A3956D46DE8}") = "Comment", "Comment", "{29E9C9C4-1AB0-432C-A2E6-1DA4A44464B9}"
EndProject
Project("{FAE04EC0-301F-11D3-BF4B-00C04F79EFBC}") = "MultiShop.Comment", "Services\Comment\MultiShop.Comment\MultiShop.Comment.csproj", "{F928D1D1-04E2-4C8D-895F-F4AB0F5060E5}"
EndProject
Project("{2150E333-8FDC-42A3-9474-1A3956D46DE8}") = "ApiGateway", "ApiGateway", "{D05F804A-ED2A-428B-86E2-E4B2548432AF}"
EndProject
Project("{2150E333-8FDC-42A3-9474-1A3956D46DE8}") = "RapidApi", "RapidApi", "{D87AEF81-538F-4587-BFB1-C8E1B852A6E4}"
EndProject
Project("{FAE04EC0-301F-11D3-BF4B-00C04F79EFBC}") = "MultiShop.OcelotGateway", "ApiGateway\MultiShop.OcelotGateway\MultiShop.OcelotGateway.csproj", "{8F43E8CE-64F2-445F-91BE-77A47A60CA52}"
EndProject
Project("{2150E333-8FDC-42A3-9474-1A3956D46DE8}") = "Payment", "Payment", "{F683D881-0552-4235-BFD8-A15073720CEF}"
EndProject
Project("{FAE04EC0-301F-11D3-BF4B-00C04F79EFBC}") = "MultiShop.Payment", "Services\Payment\MultiShop.Payment\MultiShop.Payment.csproj", "{63B847FE-EAA6-4336-AD06-CA9230DCF3B3}"
EndProject
Project("{2150E333-8FDC-42A3-9474-1A3956D46DE8}") = "Images", "Images", "{9334A06E-BB9B-4690-93EA-942467041D92}"
EndProject
Project("{FAE04EC0-301F-11D3-BF4B-00C04F79EFBC}") = "MultiShop.Images", "Services\Images\MultiShop.Images\MultiShop.Images.csproj", "{A92E0F6E-1935-4F6D-B365-D4A8632E76DA}"
EndProject
Project("{2150E333-8FDC-42A3-9474-1A3956D46DE8}") = "SıgnalRRealTime", "SıgnalRRealTime", "{145FFC0D-FEE7-4D89-AFCA-9C00B90234F2}"
EndProject
Project("{FAE04EC0-301F-11D3-BF4B-00C04F79EFBC}") = "MultiShop.SignalRRealTime", "Services\SignalRRealTime\MultiShop.SignalRRealTime\MultiShop.SignalRRealTime.csproj", "{5F13EEB4-7955-412F-AD39-7B310CF8B60A}"
EndProject
Project("{FAE04EC0-301F-11D3-BF4B-00C04F79EFBC}") = "multishop.Images.WebUI", "Services\Images\multishop.Images.WebUI\multishop.Images.WebUI.csproj", "{9D88329A-C698-482E-AAF6-0A37F4030ABC}"
EndProject
Project("{2150E333-8FDC-42A3-9474-1A3956D46DE8}") = "RabbitMqMessage", "RabbitMqMessage", "{006E93B8-DE3F-418C-9714-15E764423B7F}"
EndProject
Project("{FAE04EC0-301F-11D3-BF4B-00C04F79EFBC}") = "Multishop.RabbitMqMessageAPI", "Services\RabbitMqMessage\Multishop.RabbitMqMessageAPI\Multishop.RabbitMqMessageAPI.csproj", "{66B81B67-6567-42D8-859B-E816508C0308}"
EndProject
Project("{FAE04EC0-301F-11D3-BF4B-00C04F79EFBC}") = "Multishop.RapidAPIWebUI", "RapidApi\Multishop.RapidAPI\Multishop.RapidAPIWebUI.csproj", "{22226096-3DB3-44AE-8602-B4E6F9184CCC}"
EndProject
Global
	GlobalSection(SolutionConfigurationPlatforms) = preSolution
		Debug|Any CPU = Debug|Any CPU
		Release|Any CPU = Release|Any CPU
	EndGlobalSection
	GlobalSection(ProjectConfigurationPlatforms) = postSolution
		{E5C4665E-39AA-4AA5-B04F-96B34C9D6DD5}.Debug|Any CPU.ActiveCfg = Debug|Any CPU
		{E5C4665E-39AA-4AA5-B04F-96B34C9D6DD5}.Debug|Any CPU.Build.0 = Debug|Any CPU
		{E5C4665E-39AA-4AA5-B04F-96B34C9D6DD5}.Release|Any CPU.ActiveCfg = Release|Any CPU
		{E5C4665E-39AA-4AA5-B04F-96B34C9D6DD5}.Release|Any CPU.Build.0 = Release|Any CPU
		{54EB6032-C739-48E9-99D2-4D14ACCE25BF}.Debug|Any CPU.ActiveCfg = Debug|Any CPU
		{54EB6032-C739-48E9-99D2-4D14ACCE25BF}.Debug|Any CPU.Build.0 = Debug|Any CPU
		{54EB6032-C739-48E9-99D2-4D14ACCE25BF}.Release|Any CPU.ActiveCfg = Release|Any CPU
		{54EB6032-C739-48E9-99D2-4D14ACCE25BF}.Release|Any CPU.Build.0 = Release|Any CPU
		{A4C14173-1A2D-422E-B491-78186D2E6BC2}.Debug|Any CPU.ActiveCfg = Debug|Any CPU
		{A4C14173-1A2D-422E-B491-78186D2E6BC2}.Debug|Any CPU.Build.0 = Debug|Any CPU
		{A4C14173-1A2D-422E-B491-78186D2E6BC2}.Release|Any CPU.ActiveCfg = Release|Any CPU
		{A4C14173-1A2D-422E-B491-78186D2E6BC2}.Release|Any CPU.Build.0 = Release|Any CPU
		{E1EBD01E-54DF-471E-8CB5-A5B845B25847}.Debug|Any CPU.ActiveCfg = Debug|Any CPU
		{E1EBD01E-54DF-471E-8CB5-A5B845B25847}.Debug|Any CPU.Build.0 = Debug|Any CPU
		{E1EBD01E-54DF-471E-8CB5-A5B845B25847}.Release|Any CPU.ActiveCfg = Release|Any CPU
		{E1EBD01E-54DF-471E-8CB5-A5B845B25847}.Release|Any CPU.Build.0 = Release|Any CPU
		{B78F75C7-3D7C-4D86-B0B8-9B4037FB530E}.Debug|Any CPU.ActiveCfg = Debug|Any CPU
		{B78F75C7-3D7C-4D86-B0B8-9B4037FB530E}.Debug|Any CPU.Build.0 = Debug|Any CPU
		{B78F75C7-3D7C-4D86-B0B8-9B4037FB530E}.Release|Any CPU.ActiveCfg = Release|Any CPU
		{B78F75C7-3D7C-4D86-B0B8-9B4037FB530E}.Release|Any CPU.Build.0 = Release|Any CPU
		{F637AD3B-D0E1-496F-AC1E-AECD17E9B446}.Debug|Any CPU.ActiveCfg = Debug|Any CPU
		{F637AD3B-D0E1-496F-AC1E-AECD17E9B446}.Debug|Any CPU.Build.0 = Debug|Any CPU
		{F637AD3B-D0E1-496F-AC1E-AECD17E9B446}.Release|Any CPU.ActiveCfg = Release|Any CPU
		{F637AD3B-D0E1-496F-AC1E-AECD17E9B446}.Release|Any CPU.Build.0 = Release|Any CPU
		{EA14094F-FB55-5ABC-1402-B4229C4AD0B1}.Debug|Any CPU.ActiveCfg = Debug|Any CPU
		{EA14094F-FB55-5ABC-1402-B4229C4AD0B1}.Debug|Any CPU.Build.0 = Debug|Any CPU
		{EA14094F-FB55-5ABC-1402-B4229C4AD0B1}.Release|Any CPU.ActiveCfg = Release|Any CPU
		{EA14094F-FB55-5ABC-1402-B4229C4AD0B1}.Release|Any CPU.Build.0 = Release|Any CPU
		{3647B036-4EE2-4075-BB70-6D02D720046E}.Debug|Any CPU.ActiveCfg = Debug|Any CPU
		{3647B036-4EE2-4075-BB70-6D02D720046E}.Debug|Any CPU.Build.0 = Debug|Any CPU
		{3647B036-4EE2-4075-BB70-6D02D720046E}.Release|Any CPU.ActiveCfg = Release|Any CPU
		{3647B036-4EE2-4075-BB70-6D02D720046E}.Release|Any CPU.Build.0 = Release|Any CPU
		{DAC8AA2D-0113-4E4C-9C3D-B965E4FEC22C}.Debug|Any CPU.ActiveCfg = Debug|Any CPU
		{DAC8AA2D-0113-4E4C-9C3D-B965E4FEC22C}.Debug|Any CPU.Build.0 = Debug|Any CPU
		{DAC8AA2D-0113-4E4C-9C3D-B965E4FEC22C}.Release|Any CPU.ActiveCfg = Release|Any CPU
		{DAC8AA2D-0113-4E4C-9C3D-B965E4FEC22C}.Release|Any CPU.Build.0 = Release|Any CPU
		{1E9489D8-BDE9-4801-8589-9CD5B2CA17D6}.Debug|Any CPU.ActiveCfg = Debug|Any CPU
		{1E9489D8-BDE9-4801-8589-9CD5B2CA17D6}.Debug|Any CPU.Build.0 = Debug|Any CPU
		{1E9489D8-BDE9-4801-8589-9CD5B2CA17D6}.Release|Any CPU.ActiveCfg = Release|Any CPU
		{1E9489D8-BDE9-4801-8589-9CD5B2CA17D6}.Release|Any CPU.Build.0 = Release|Any CPU
		{C23B367A-3644-40FD-A7DF-940003BD832C}.Debug|Any CPU.ActiveCfg = Debug|Any CPU
		{C23B367A-3644-40FD-A7DF-940003BD832C}.Debug|Any CPU.Build.0 = Debug|Any CPU
		{C23B367A-3644-40FD-A7DF-940003BD832C}.Release|Any CPU.ActiveCfg = Release|Any CPU
		{C23B367A-3644-40FD-A7DF-940003BD832C}.Release|Any CPU.Build.0 = Release|Any CPU
		{FEE10937-AD1C-4144-A990-DACB8F68E76B}.Debug|Any CPU.ActiveCfg = Debug|Any CPU
		{FEE10937-AD1C-4144-A990-DACB8F68E76B}.Debug|Any CPU.Build.0 = Debug|Any CPU
		{FEE10937-AD1C-4144-A990-DACB8F68E76B}.Release|Any CPU.ActiveCfg = Release|Any CPU
		{FEE10937-AD1C-4144-A990-DACB8F68E76B}.Release|Any CPU.Build.0 = Release|Any CPU
		{33E4BC40-FA95-44BC-9282-D36FFCFD614E}.Debug|Any CPU.ActiveCfg = Debug|Any CPU
		{33E4BC40-FA95-44BC-9282-D36FFCFD614E}.Debug|Any CPU.Build.0 = Debug|Any CPU
		{33E4BC40-FA95-44BC-9282-D36FFCFD614E}.Release|Any CPU.ActiveCfg = Release|Any CPU
		{33E4BC40-FA95-44BC-9282-D36FFCFD614E}.Release|Any CPU.Build.0 = Release|Any CPU
		{1458F3BC-CEF9-451D-9E63-0D5EB028C9F9}.Debug|Any CPU.ActiveCfg = Debug|Any CPU
		{1458F3BC-CEF9-451D-9E63-0D5EB028C9F9}.Debug|Any CPU.Build.0 = Debug|Any CPU
		{1458F3BC-CEF9-451D-9E63-0D5EB028C9F9}.Release|Any CPU.ActiveCfg = Release|Any CPU
		{1458F3BC-CEF9-451D-9E63-0D5EB028C9F9}.Release|Any CPU.Build.0 = Release|Any CPU
		{71D9FBCF-C305-4A30-9C86-F2B21626898E}.Debug|Any CPU.ActiveCfg = Debug|Any CPU
		{71D9FBCF-C305-4A30-9C86-F2B21626898E}.Debug|Any CPU.Build.0 = Debug|Any CPU
		{71D9FBCF-C305-4A30-9C86-F2B21626898E}.Release|Any CPU.ActiveCfg = Release|Any CPU
		{71D9FBCF-C305-4A30-9C86-F2B21626898E}.Release|Any CPU.Build.0 = Release|Any CPU
		{F928D1D1-04E2-4C8D-895F-F4AB0F5060E5}.Debug|Any CPU.ActiveCfg = Debug|Any CPU
		{F928D1D1-04E2-4C8D-895F-F4AB0F5060E5}.Debug|Any CPU.Build.0 = Debug|Any CPU
		{F928D1D1-04E2-4C8D-895F-F4AB0F5060E5}.Release|Any CPU.ActiveCfg = Release|Any CPU
		{F928D1D1-04E2-4C8D-895F-F4AB0F5060E5}.Release|Any CPU.Build.0 = Release|Any CPU
		{8F43E8CE-64F2-445F-91BE-77A47A60CA52}.Debug|Any CPU.ActiveCfg = Debug|Any CPU
		{8F43E8CE-64F2-445F-91BE-77A47A60CA52}.Debug|Any CPU.Build.0 = Debug|Any CPU
		{8F43E8CE-64F2-445F-91BE-77A47A60CA52}.Release|Any CPU.ActiveCfg = Release|Any CPU
		{8F43E8CE-64F2-445F-91BE-77A47A60CA52}.Release|Any CPU.Build.0 = Release|Any CPU
		{63B847FE-EAA6-4336-AD06-CA9230DCF3B3}.Debug|Any CPU.ActiveCfg = Debug|Any CPU
		{63B847FE-EAA6-4336-AD06-CA9230DCF3B3}.Debug|Any CPU.Build.0 = Debug|Any CPU
		{63B847FE-EAA6-4336-AD06-CA9230DCF3B3}.Release|Any CPU.ActiveCfg = Release|Any CPU
		{63B847FE-EAA6-4336-AD06-CA9230DCF3B3}.Release|Any CPU.Build.0 = Release|Any CPU
		{A92E0F6E-1935-4F6D-B365-D4A8632E76DA}.Debug|Any CPU.ActiveCfg = Debug|Any CPU
		{A92E0F6E-1935-4F6D-B365-D4A8632E76DA}.Debug|Any CPU.Build.0 = Debug|Any CPU
		{A92E0F6E-1935-4F6D-B365-D4A8632E76DA}.Release|Any CPU.ActiveCfg = Release|Any CPU
		{A92E0F6E-1935-4F6D-B365-D4A8632E76DA}.Release|Any CPU.Build.0 = Release|Any CPU
		{5F13EEB4-7955-412F-AD39-7B310CF8B60A}.Debug|Any CPU.ActiveCfg = Debug|Any CPU
		{5F13EEB4-7955-412F-AD39-7B310CF8B60A}.Debug|Any CPU.Build.0 = Debug|Any CPU
		{5F13EEB4-7955-412F-AD39-7B310CF8B60A}.Release|Any CPU.ActiveCfg = Release|Any CPU
		{5F13EEB4-7955-412F-AD39-7B310CF8B60A}.Release|Any CPU.Build.0 = Release|Any CPU
		{9D88329A-C698-482E-AAF6-0A37F4030ABC}.Debug|Any CPU.ActiveCfg = Debug|Any CPU
		{9D88329A-C698-482E-AAF6-0A37F4030ABC}.Debug|Any CPU.Build.0 = Debug|Any CPU
		{9D88329A-C698-482E-AAF6-0A37F4030ABC}.Release|Any CPU.ActiveCfg = Release|Any CPU
		{9D88329A-C698-482E-AAF6-0A37F4030ABC}.Release|Any CPU.Build.0 = Release|Any CPU
		{66B81B67-6567-42D8-859B-E816508C0308}.Debug|Any CPU.ActiveCfg = Debug|Any CPU
		{66B81B67-6567-42D8-859B-E816508C0308}.Debug|Any CPU.Build.0 = Debug|Any CPU
		{66B81B67-6567-42D8-859B-E816508C0308}.Release|Any CPU.ActiveCfg = Release|Any CPU
		{66B81B67-6567-42D8-859B-E816508C0308}.Release|Any CPU.Build.0 = Release|Any CPU
		{22226096-3DB3-44AE-8602-B4E6F9184CCC}.Debug|Any CPU.ActiveCfg = Debug|Any CPU
		{22226096-3DB3-44AE-8602-B4E6F9184CCC}.Debug|Any CPU.Build.0 = Debug|Any CPU
		{22226096-3DB3-44AE-8602-B4E6F9184CCC}.Release|Any CPU.ActiveCfg = Release|Any CPU
		{22226096-3DB3-44AE-8602-B4E6F9184CCC}.Release|Any CPU.Build.0 = Release|Any CPU
	EndGlobalSection
	GlobalSection(SolutionProperties) = preSolution
		HideSolutionNode = FALSE
	EndGlobalSection
	GlobalSection(NestedProjects) = preSolution
		{57DEEB01-110A-46E0-BAF1-2C3DD870BACD} = {02EA681E-C7D8-13C7-8484-4AC65E1B71E8}
		{E5C4665E-39AA-4AA5-B04F-96B34C9D6DD5} = {57DEEB01-110A-46E0-BAF1-2C3DD870BACD}
		{2FCD8ABB-3344-40A7-B9AB-2AF27493C002} = {02EA681E-C7D8-13C7-8484-4AC65E1B71E8}
		{54EB6032-C739-48E9-99D2-4D14ACCE25BF} = {2FCD8ABB-3344-40A7-B9AB-2AF27493C002}
		{10ED526C-B330-410F-B1EF-0DEC4C938996} = {02EA681E-C7D8-13C7-8484-4AC65E1B71E8}
		{CF68EF52-05CF-4B11-A2EA-6328E95977F1} = {10ED526C-B330-410F-B1EF-0DEC4C938996}
		{56BDD6BC-12DF-49E1-B523-54795F8163FE} = {10ED526C-B330-410F-B1EF-0DEC4C938996}
		{E2FD93D7-CCAD-4020-9443-8D68E319A70F} = {10ED526C-B330-410F-B1EF-0DEC4C938996}
		{A4C14173-1A2D-422E-B491-78186D2E6BC2} = {CF68EF52-05CF-4B11-A2EA-6328E95977F1}
		{E1EBD01E-54DF-471E-8CB5-A5B845B25847} = {CF68EF52-05CF-4B11-A2EA-6328E95977F1}
		{B78F75C7-3D7C-4D86-B0B8-9B4037FB530E} = {56BDD6BC-12DF-49E1-B523-54795F8163FE}
		{F637AD3B-D0E1-496F-AC1E-AECD17E9B446} = {E2FD93D7-CCAD-4020-9443-8D68E319A70F}
		{EA14094F-FB55-5ABC-1402-B4229C4AD0B1} = {600B4D24-A090-4B86-903F-ED32E0035D6E}
		{9E8E4933-E360-4C71-B383-41877FC82B32} = {02EA681E-C7D8-13C7-8484-4AC65E1B71E8}
		{3647B036-4EE2-4075-BB70-6D02D720046E} = {9E8E4933-E360-4C71-B383-41877FC82B32}
		{DAC8AA2D-0113-4E4C-9C3D-B965E4FEC22C} = {9E8E4933-E360-4C71-B383-41877FC82B32}
		{1E9489D8-BDE9-4801-8589-9CD5B2CA17D6} = {9E8E4933-E360-4C71-B383-41877FC82B32}
		{C23B367A-3644-40FD-A7DF-940003BD832C} = {9E8E4933-E360-4C71-B383-41877FC82B32}
		{FEE10937-AD1C-4144-A990-DACB8F68E76B} = {9E8E4933-E360-4C71-B383-41877FC82B32}
		{49E8FE55-74DB-4994-8739-03DA1FAAFF0B} = {02EA681E-C7D8-13C7-8484-4AC65E1B71E8}
		{33E4BC40-FA95-44BC-9282-D36FFCFD614E} = {49E8FE55-74DB-4994-8739-03DA1FAAFF0B}
		{1458F3BC-CEF9-451D-9E63-0D5EB028C9F9} = {1BC7D74B-DD3C-4D02-96CA-14B05A39AAE4}
		{71D9FBCF-C305-4A30-9C86-F2B21626898E} = {1BC7D74B-DD3C-4D02-96CA-14B05A39AAE4}
		{29E9C9C4-1AB0-432C-A2E6-1DA4A44464B9} = {02EA681E-C7D8-13C7-8484-4AC65E1B71E8}
		{F928D1D1-04E2-4C8D-895F-F4AB0F5060E5} = {29E9C9C4-1AB0-432C-A2E6-1DA4A44464B9}
		{8F43E8CE-64F2-445F-91BE-77A47A60CA52} = {D05F804A-ED2A-428B-86E2-E4B2548432AF}
		{F683D881-0552-4235-BFD8-A15073720CEF} = {02EA681E-C7D8-13C7-8484-4AC65E1B71E8}
		{63B847FE-EAA6-4336-AD06-CA9230DCF3B3} = {F683D881-0552-4235-BFD8-A15073720CEF}
		{9334A06E-BB9B-4690-93EA-942467041D92} = {02EA681E-C7D8-13C7-8484-4AC65E1B71E8}
		{A92E0F6E-1935-4F6D-B365-D4A8632E76DA} = {9334A06E-BB9B-4690-93EA-942467041D92}
		{145FFC0D-FEE7-4D89-AFCA-9C00B90234F2} = {02EA681E-C7D8-13C7-8484-4AC65E1B71E8}
		{5F13EEB4-7955-412F-AD39-7B310CF8B60A} = {145FFC0D-FEE7-4D89-AFCA-9C00B90234F2}
		{9D88329A-C698-482E-AAF6-0A37F4030ABC} = {9334A06E-BB9B-4690-93EA-942467041D92}
		{006E93B8-DE3F-418C-9714-15E764423B7F} = {02EA681E-C7D8-13C7-8484-4AC65E1B71E8}
		{66B81B67-6567-42D8-859B-E816508C0308} = {006E93B8-DE3F-418C-9714-15E764423B7F}
		{22226096-3DB3-44AE-8602-B4E6F9184CCC} = {D87AEF81-538F-4587-BFB1-C8E1B852A6E4}
	EndGlobalSection
	GlobalSection(ExtensibilityGlobals) = postSolution
		SolutionGuid = {CF12DDE2-1628-4EEB-88B5-74E2683AEEE5}
	EndGlobalSection
EndGlobal
